
Microsoft Visual Studio Solution File, Format Version 12.00
# Visual Studio Version 17
VisualStudioVersion = 17.14.36511.14 d17.14
MinimumVisualStudioVersion = 10.0.40219.1
Project("{FAE04EC0-301F-11D3-BF4B-00C04F79EFBC}") = "Calendar project", "Calendar project\Calendar project.csproj", "{0CB8AE30-221B-4C31-A608-643458907A98}"
EndProject
Global
	GlobalSection(SolutionConfigurationPlatforms) = preSolution
		Debug|Any CPU = Debug|Any CPU
		Release|Any CPU = Release|Any CPU
	EndGlobalSection
	GlobalSection(ProjectConfigurationPlatforms) = postSolution
		{0CB8AE30-221B-4C31-A608-643458907A98}.Debug|Any CPU.ActiveCfg = Debug|Any CPU
		{0CB8AE30-221B-4C31-A608-643458907A98}.Debug|Any CPU.Build.0 = Debug|Any CPU
		{0CB8AE30-221B-4C31-A608-643458907A98}.Release|Any CPU.ActiveCfg = Release|Any CPU
		{0CB8AE30-221B-4C31-A608-643458907A98}.Release|Any CPU.Build.0 = Release|Any CPU
	EndGlobalSection
	GlobalSection(SolutionProperties) = preSolution
		HideSolutionNode = FALSE
	EndGlobalSection
	GlobalSection(ExtensibilityGlobals) = postSolution
		SolutionGuid = {1957DBB9-0CA9-4F7D-BA39-E304AAF8C895}
	EndGlobalSection
EndGlobal
